{
  "name": "sportsmart-marketplace",
  "lockfileVersion": 3,
  "requires": true,
  "packages": {
    "": {
      "name": "sportsmart-marketplace",
      "dependencies": {
        "nodemailer": "^8.0.2"
      },
      "devDependencies": {
        "@types/nodemailer": "^7.0.11",
        "turbo": "^2.0.0"
      }
    },
    "node_modules/@turbo/darwin-64": {
      "version": "2.9.3",
      "resolved": "https://registry.npmjs.org/@turbo/darwin-64/-/darwin-64-2.9.3.tgz",
      "integrity": "sha512-P8foouaP+y/p+hhEGBoZpzMbpVvUMwPjDpcy6wN7EYfvvyISD1USuV27qWkczecihwuPJzQ1lDBuL8ERcavTyg==",
      "cpu": [
        "x64"
      ],
      "dev": true,
      "license": "MIT",
      "optional": true,
      "os": [
        "darwin"
      ]
    },
    "node_modules/@turbo/darwin-arm64": {
      "version": "2.9.3",
      "resolved": "https://registry.npmjs.org/@turbo/darwin-arm64/-/darwin-arm64-2.9.3.tgz",
      "integrity": "sha512-SIzEkvtNdzdI50FJDaIQ6kQGqgSSdFPcdn0wqmmONN6iGKjy6hsT+EH99GP65FsfV7DLZTh2NmtTIRl2kdoz5Q==",
      "cpu": [
        "arm64"
      ],
      "dev": true,
      "license": "MIT",
      "optional": true,
      "os": [
        "darwin"
      ]
    },
    "node_modules/@turbo/linux-64": {
      "version": "2.9.3",
      "resolved": "https://registry.npmjs.org/@turbo/linux-64/-/linux-64-2.9.3.tgz",
      "integrity": "sha512-pLRwFmcHHNBvsCySLS6OFabr/07kDT2pxEt/k6eBf/3asiVQZKJ7Rk88AafQx2aYA641qek4RsXvYO3JYpiBug==",
      "cpu": [
        "x64"
      ],
      "dev": true,
      "license": "MIT",
      "optional": true,
      "os": [
        "linux"
      ]
    },
    "node_modules/@turbo/linux-arm64": {
      "version": "2.9.3",
      "resolved": "https://registry.npmjs.org/@turbo/linux-arm64/-/linux-arm64-2.9.3.tgz",
      "integrity": "sha512-gy6ApUroC2Nzv+qjGtE/uPNkhHAFU4c8God+zd5Aiv9L9uBgHlxVJpHT3XWl5xwlJZ2KWuMrlHTaS5kmNB+q1Q==",
      "cpu": [
        "arm64"
      ],
      "dev": true,
      "license": "MIT",
      "optional": true,
      "os": [
        "linux"
      ]
    },
    "node_modules/@turbo/windows-64": {
      "version": "2.9.3",
      "resolved": "https://registry.npmjs.org/@turbo/windows-64/-/windows-64-2.9.3.tgz",
      "integrity": "sha512-d0YelTX6hAsB7kIEtGB3PzIzSfAg3yDoUlHwuwJc3adBXUsyUIs0YLG+1NNtuhcDOUGnWQeKUoJ2pGWvbpRj7w==",
      "cpu": [
        "x64"
      ],
      "dev": true,
      "license": "MIT",
      "optional": true,
      "os": [
        "win32"
      ]
    },
    "node_modules/@turbo/windows-arm64": {
      "version": "2.9.3",
      "resolved": "https://registry.npmjs.org/@turbo/windows-arm64/-/windows-arm64-2.9.3.tgz",
      "integrity": "sha512-/08CwpKJl3oRY8nOlh2YgilZVJDHsr60XTNxRhuDeuFXONpUZ5X+Nv65izbG/xBew9qxcJFbDX9/sAmAX+ITcQ==",
      "cpu": [
        "arm64"
      ],
      "dev": true,
      "license": "MIT",
      "optional": true,
      "os": [
        "win32"
      ]
    },
    "node_modules/@types/node": {
      "version": "25.5.0",
      "resolved": "https://registry.npmjs.org/@types/node/-/node-25.5.0.tgz",
      "integrity": "sha512-jp2P3tQMSxWugkCUKLRPVUpGaL5MVFwF8RDuSRztfwgN1wmqJeMSbKlnEtQqU8UrhTmzEmZdu2I6v2dpp7XIxw==",
      "dev": true,
      "license": "MIT",
      "dependencies": {
        "undici-types": "~7.18.0"
      }
    },
    "node_modules/@types/nodemailer": {
      "version": "7.0.11",
      "resolved": "https://registry.npmjs.org/@types/nodemailer/-/nodemailer-7.0.11.tgz",
      "integrity": "sha512-E+U4RzR2dKrx+u3N4DlsmLaDC6mMZOM/TPROxA0UAPiTgI0y4CEFBmZE+coGWTjakDriRsXG368lNk1u9Q0a2g==",
      "dev": true,
      "license": "MIT",
      "dependencies": {
        "@types/node": "*"
      }
    },
    "node_modules/nodemailer": {
      "version": "8.0.4",
      "resolved": "https://registry.npmjs.org/nodemailer/-/nodemailer-8.0.4.tgz",
      "integrity": "sha512-k+jf6N8PfQJ0Fe8ZhJlgqU5qJU44Lpvp2yvidH3vp1lPnVQMgi4yEEMPXg5eJS1gFIJTVq1NHBk7Ia9ARdSBdQ==",
      "license": "MIT-0",
      "engines": {
        "node": ">=6.0.0"
      }
    },
    "node_modules/turbo": {
      "version": "2.9.3",
      "resolved": "https://registry.npmjs.org/turbo/-/turbo-2.9.3.tgz",
      "integrity": "sha512-J/VUvsGRykPb9R8Kh8dHVBOqioDexLk9BhLCU/ZybRR+HN9UR3cURdazFvNgMDt9zPP8TF6K73Z+tplfmi0PqQ==",
      "dev": true,
      "license": "MIT",
      "bin": {
        "turbo": "bin/turbo"
      },
      "optionalDependencies": {
        "@turbo/darwin-64": "2.9.3",
        "@turbo/darwin-arm64": "2.9.3",
        "@turbo/linux-64": "2.9.3",
        "@turbo/linux-arm64": "2.9.3",
        "@turbo/windows-64": "2.9.3",
        "@turbo/windows-arm64": "2.9.3"
      }
    },
    "node_modules/undici-types": {
      "version": "7.18.2",
      "resolved": "https://registry.npmjs.org/undici-types/-/undici-types-7.18.2.tgz",
      "integrity": "sha512-AsuCzffGHJybSaRrmr5eHr81mwJU3kjw6M+uprWvCXiNeN9SOGwQ3Jn8jb8m3Z6izVgknn1R0FTCEAP2QrLY/w==",
      "dev": true,
      "license": "MIT"
    }
  }
}
